// !$*UTF8*$!
{
	archiveVersion = 1;
	classes = {
	};
	objectVersion = 56;
	objects = {

/* Begin PBXBuildFile section */
		B9A3DE3228E92D1100A74EA2 /* AppDelegate.swift in Sources */ = {isa = PBXBuildFile; fileRef = B9A3DE3128E92D1100A74EA2 /* AppDelegate.swift */; };
		B9A3DE3428E92D1100A74EA2 /* SceneDelegate.swift in Sources */ = {isa = PBXBuildFile; fileRef = B9A3DE3328E92D1100A74EA2 /* SceneDelegate.swift */; };
		B9A3DE3928E92D1100A74EA2 /* Main.storyboard in Resources */ = {isa = PBXBuildFile; fileRef = B9A3DE3728E92D1100A74EA2 /* Main.storyboard */; };
		B9A3DE3B28E92D1300A74EA2 /* Assets.xcassets in Resources */ = {isa = PBXBuildFile; fileRef = B9A3DE3A28E92D1300A74EA2 /* Assets.xcassets */; };
		B9A3DE3E28E92D1300A74EA2 /* LaunchScreen.storyboard in Resources */ = {isa = PBXBuildFile; fileRef = B9A3DE3C28E92D1300A74EA2 /* LaunchScreen.storyboard */; };
		B9A3DE4628E92F5400A74EA2 /* TableViewController.swift in Sources */ = {isa = PBXBuildFile; fileRef = B9A3DE4528E92F5400A74EA2 /* TableViewController.swift */; };
		B9A3DE4828E92F6D00A74EA2 /* AddViewController.swift in Sources */ = {isa = PBXBuildFile; fileRef = B9A3DE4728E92F6D00A74EA2 /* AddViewController.swift */; };
		B9A3DE4A28E92F7D00A74EA2 /* DetailViewController.swift in Sources */ = {isa = PBXBuildFile; fileRef = B9A3DE4928E92F7D00A74EA2 /* DetailViewController.swift */; };
		B9A3DE4D28E9318C00A74EA2 /* DBModel.swift in Sources */ = {isa = PBXBuildFile; fileRef = B9A3DE4C28E9318C00A74EA2 /* DBModel.swift */; };
		B9A3DE4F28E9320B00A74EA2 /* JSONModel.swift in Sources */ = {isa = PBXBuildFile; fileRef = B9A3DE4E28E9320B00A74EA2 /* JSONModel.swift */; };
		B9A3DE5128E9326E00A74EA2 /* QueryModel.swift in Sources */ = {isa = PBXBuildFile; fileRef = B9A3DE5028E9326E00A74EA2 /* QueryModel.swift */; };
		B9A3DE5328E94DC200A74EA2 /* InsertModel.swift in Sources */ = {isa = PBXBuildFile; fileRef = B9A3DE5228E94DC200A74EA2 /* InsertModel.swift */; };
/* End PBXBuildFile section */

/* Begin PBXFileReference section */
		B9A3DE2E28E92D1100A74EA2 /* DBCRUD.app */ = {isa = PBXFileReference; explicitFileType = wrapper.application; includeInIndex = 0; path = DBCRUD.app; sourceTree = BUILT_PRODUCTS_DIR; };
		B9A3DE3128E92D1100A74EA2 /* AppDelegate.swift */ = {isa = PBXFileReference; lastKnownFileType = sourcecode.swift; path = AppDelegate.swift; sourceTree = "<group>"; };
		B9A3DE3328E92D1100A74EA2 /* SceneDelegate.swift */ = {isa = PBXFileReference; lastKnownFileType = sourcecode.swift; path = SceneDelegate.swift; sourceTree = "<group>"; };
		B9A3DE3828E92D1100A74EA2 /* Base */ = {isa = PBXFileReference; lastKnownFileType = file.storyboard; name = Base; path = Base.lproj/Main.storyboard; sourceTree = "<group>"; };
		B9A3DE3A28E92D1300A74EA2 /* Assets.xcassets */ = {isa = PBXFileReference; lastKnownFileType = folder.assetcatalog; path = Assets.xcassets; sourceTree = "<group>"; };
		B9A3DE3D28E92D1300A74EA2 /* Base */ = {isa = PBXFileReference; lastKnownFileType = file.storyboard; name = Base; path = Base.lproj/LaunchScreen.storyboard; sourceTree = "<group>"; };
		B9A3DE3F28E92D1300A74EA2 /* Info.plist */ = {isa = PBXFileReference; lastKnownFileType = text.plist.xml; path = Info.plist; sourceTree = "<group>"; };
		B9A3DE4528E92F5400A74EA2 /* TableViewController.swift */ = {isa = PBXFileReference; lastKnownFileType = sourcecode.swift; path = TableViewController.swift; sourceTree = "<group>"; };
		B9A3DE4728E92F6D00A74EA2 /* AddViewController.swift */ = {isa = PBXFileReference; lastKnownFileType = sourcecode.swift; path = AddViewController.swift; sourceTree = "<group>"; };
		B9A3DE4928E92F7D00A74EA2 /* DetailViewController.swift */ = {isa = PBXFileReference; lastKnownFileType = sourcecode.swift; path = DetailViewController.swift; sourceTree = "<group>"; };
		B9A3DE4C28E9318C00A74EA2 /* DBModel.swift */ = {isa = PBXFileReference; lastKnownFileType = sourcecode.swift; path = DBModel.swift; sourceTree = "<group>"; };
		B9A3DE4E28E9320B00A74EA2 /* JSONModel.swift */ = {isa = PBXFileReference; lastKnownFileType = sourcecode.swift; path = JSONModel.swift; sourceTree = "<group>"; };
		B9A3DE5028E9326E00A74EA2 /* QueryModel.swift */ = {isa = PBXFileReference; lastKnownFileType = sourcecode.swift; path = QueryModel.swift; sourceTree = "<group>"; };
		B9A3DE5228E94DC200A74EA2 /* InsertModel.swift */ = {isa = PBXFileReference; lastKnownFileType = sourcecode.swift; path = InsertModel.swift; sourceTree = "<group>"; };
/* End PBXFileReference section */

/* Begin PBXFrameworksBuildPhase section */
		B9A3DE2B28E92D1100A74EA2 /* Frameworks */ = {
			isa = PBXFrameworksBuildPhase;
			buildActionMask = 2147483647;
			files = (
			);
			runOnlyForDeploymentPostprocessing = 0;
		};
/* End PBXFrameworksBuildPhase section */

/* Begin PBXGroup section */
		B9A3DE2528E92D1100A74EA2 = {
			isa = PBXGroup;
			children = (
				B9A3DE3028E92D1100A74EA2 /* DBCRUD */,
				B9A3DE2F28E92D1100A74EA2 /* Products */,
			);
			sourceTree = "<group>";
		};
		B9A3DE2F28E92D1100A74EA2 /* Products */ = {
			isa = PBXGroup;
			children = (
				B9A3DE2E28E92D1100A74EA2 /* DBCRUD.app */,
			);
			name = Products;
			sourceTree = "<group>";
		};
		B9A3DE3028E92D1100A74EA2 /* DBCRUD */ = {
			isa = PBXGroup;
			children = (
				B9A3DE5428E9629800A74EA2 /* Model */,
				B9A3DE4B28E930E800A74EA2 /* Controller */,
				B9A3DE3128E92D1100A74EA2 /* AppDelegate.swift */,
				B9A3DE3328E92D1100A74EA2 /* SceneDelegate.swift */,
				B9A3DE3728E92D1100A74EA2 /* Main.storyboard */,
				B9A3DE3A28E92D1300A74EA2 /* Assets.xcassets */,
				B9A3DE3C28E92D1300A74EA2 /* LaunchScreen.storyboard */,
				B9A3DE3F28E92D1300A74EA2 /* Info.plist */,
			);
			path = DBCRUD;
			sourceTree = "<group>";
		};
		B9A3DE4B28E930E800A74EA2 /* Controller */ = {
			isa = PBXGroup;
			children = (
				B9A3DE4528E92F5400A74EA2 /* TableViewController.swift */,
				B9A3DE4728E92F6D00A74EA2 /* AddViewController.swift */,
				B9A3DE4928E92F7D00A74EA2 /* DetailViewController.swift */,
			);
			path = Controller;
			sourceTree = "<group>";
		};
		B9A3DE5428E9629800A74EA2 /* Model */ = {
			isa = PBXGroup;
			children = (
				B9A3DE4C28E9318C00A74EA2 /* DBModel.swift */,
				B9A3DE4E28E9320B00A74EA2 /* JSONModel.swift */,
				B9A3DE5028E9326E00A74EA2 /* QueryModel.swift */,
				B9A3DE5228E94DC200A74EA2 /* InsertModel.swift */,
			);
			path = Model;
			sourceTree = "<group>";
		};
/* End PBXGroup section */

/* Begin PBXNativeTarget section */
		B9A3DE2D28E92D1100A74EA2 /* DBCRUD */ = {
			isa = PBXNativeTarget;
			buildConfigurationList = B9A3DE4228E92D1300A74EA2 /* Build configuration list for PBXNativeTarget "DBCRUD" */;
			buildPhases = (
				B9A3DE2A28E92D1100A74EA2 /* Sources */,
				B9A3DE2B28E92D1100A74EA2 /* Frameworks */,
				B9A3DE2C28E92D1100A74EA2 /* Resources */,
			);
			buildRules = (
			);
			dependencies = (
			);
			name = DBCRUD;
			productName = DBCRUD;
			productReference = B9A3DE2E28E92D1100A74EA2 /* DBCRUD.app */;
			productType = "com.apple.product-type.application";
		};
/* End PBXNativeTarget section */

/* Begin PBXProject section */
		B9A3DE2628E92D1100A74EA2 /* Project object */ = {
			isa = PBXProject;
			attributes = {
				BuildIndependentTargetsInParallel = 1;
				LastSwiftUpdateCheck = 1400;
				LastUpgradeCheck = 1400;
				TargetAttributes = {
					B9A3DE2D28E92D1100A74EA2 = {
						CreatedOnToolsVersion = 14.0.1;
					};
				};
			};
			buildConfigurationList = B9A3DE2928E92D1100A74EA2 /* Build configuration list for PBXProject "DBCRUD" */;
			compatibilityVersion = "Xcode 14.0";
			developmentRegion = en;
			hasScannedForEncodings = 0;
			knownRegions = (
				en,
				Base,
			);
			mainGroup = B9A3DE2528E92D1100A74EA2;
			productRefGroup = B9A3DE2F28E92D1100A74EA2 /* Products */;
			projectDirPath = "";
			projectRoot = "";
			targets = (
				B9A3DE2D28E92D1100A74EA2 /* DBCRUD */,
			);
		};
/* End PBXProject section */

/* Begin PBXResourcesBuildPhase section */
		B9A3DE2C28E92D1100A74EA2 /* Resources */ = {
			isa = PBXResourcesBuildPhase;
			buildActionMask = 2147483647;
			files = (
				B9A3DE3E28E92D1300A74EA2 /* LaunchScreen.storyboard in Resources */,
				B9A3DE3B28E92D1300A74EA2 /* Assets.xcassets in Resources */,
				B9A3DE3928E92D1100A74EA2 /* Main.storyboard in Resources */,
			);
			runOnlyForDeploymentPostprocessing = 0;
		};
/* End PBXResourcesBuildPhase section */

/* Begin PBXSourcesBuildPhase section */
		B9A3DE2A28E92D1100A74EA2 /* Sources */ = {
			isa = PBXSourcesBuildPhase;
			buildActionMask = 2147483647;
			files = (
				B9A3DE3228E92D1100A74EA2 /* AppDelegate.swift in Sources */,
				B9A3DE5328E94DC200A74EA2 /* InsertModel.swift in Sources */,
				B9A3DE4628E92F5400A74EA2 /* TableViewController.swift in Sources */,
				B9A3DE5128E9326E00A74EA2 /* QueryModel.swift in Sources */,
				B9A3DE4A28E92F7D00A74EA2 /* DetailViewController.swift in Sources */,
				B9A3DE4828E92F6D00A74EA2 /* AddViewController.swift in Sources */,
				B9A3DE4F28E9320B00A74EA2 /* JSONModel.swift in Sources */,
				B9A3DE3428E92D1100A74EA2 /* SceneDelegate.swift in Sources */,
				B9A3DE4D28E9318C00A74EA2 /* DBModel.swift in Sources */,
			);
			runOnlyForDeploymentPostprocessing = 0;
		};
/* End PBXSourcesBuildPhase section */

/* Begin PBXVariantGroup section */
		B9A3DE3728E92D1100A74EA2 /* Main.storyboard */ = {
			isa = PBXVariantGroup;
			children = (
				B9A3DE3828E92D1100A74EA2 /* Base */,
			);
			name = Main.storyboard;
			sourceTree = "<group>";
		};
		B9A3DE3C28E92D1300A74EA2 /* LaunchScreen.storyboard */ = {
			isa = PBXVariantGroup;
			children = (
				B9A3DE3D28E92D1300A74EA2 /* Base */,
			);
			name = LaunchScreen.storyboard;
			sourceTree = "<group>";
		};
/* End PBXVariantGroup section */

/* Begin XCBuildConfiguration section */
		B9A3DE4028E92D1300A74EA2 /* Debug */ = {
			isa = XCBuildConfiguration;
			buildSettings = {
				ALWAYS_SEARCH_USER_PATHS = NO;
				CLANG_ANALYZER_NONNULL = YES;
				CLANG_ANALYZER_NUMBER_OBJECT_CONVERSION = YES_AGGRESSIVE;
				CLANG_CXX_LANGUAGE_STANDARD = "gnu++20";
				CLANG_ENABLE_MODULES = YES;
				CLANG_ENABLE_OBJC_ARC = YES;
				CLANG_ENABLE_OBJC_WEAK = YES;
				CLANG_WARN_BLOCK_CAPTURE_AUTORELEASING = YES;
				CLANG_WARN_BOOL_CONVERSION = YES;
				CLANG_WARN_COMMA = YES;
				CLANG_WARN_CONSTANT_CONVERSION = YES;
				CLANG_WARN_DEPRECATED_OBJC_IMPLEMENTATIONS = YES;
				CLANG_WARN_DIRECT_OBJC_ISA_USAGE = YES_ERROR;
				CLANG_WARN_DOCUMENTATION_COMMENTS = YES;
				CLANG_WARN_EMPTY_BODY = YES;
				CLANG_WARN_ENUM_CONVERSION = YES;
				CLANG_WARN_INFINITE_RECURSION = YES;
				CLANG_WARN_INT_CONVERSION = YES;
				CLANG_WARN_NON_LITERAL_NULL_CONVERSION = YES;
				CLANG_WARN_OBJC_IMPLICIT_RETAIN_SELF = YES;
				CLANG_WARN_OBJC_LITERAL_CONVERSION = YES;
				CLANG_WARN_OBJC_ROOT_CLASS = YES_ERROR;
				CLANG_WARN_QUOTED_INCLUDE_IN_FRAMEWORK_HEADER = YES;
				CLANG_WARN_RANGE_LOOP_ANALYSIS = YES;
				CLANG_WARN_STRICT_PROTOTYPES = YES;
				CLANG_WARN_SUSPICIOUS_MOVE = YES;
				CLANG_WARN_UNGUARDED_AVAILABILITY = YES_AGGRESSIVE;
				CLANG_WARN_UNREACHABLE_CODE = YES;
				CLANG_WARN__DUPLICATE_METHOD_MATCH = YES;
				COPY_PHASE_STRIP = NO;
				DEBUG_INFORMATION_FORMAT = dwarf;
				ENABLE_STRICT_OBJC_MSGSEND = YES;
				ENABLE_TESTABILITY = YES;
				GCC_C_LANGUAGE_STANDARD = gnu11;
				GCC_DYNAMIC_NO_PIC = NO;
				GCC_NO_COMMON_BLOCKS = YES;
				GCC_OPTIMIZATION_LEVEL = 0;
				GCC_PREPROCESSOR_DEFINITIONS = (
					"DEBUG=1",
					"$(inherited)",
				);
				GCC_WARN_64_TO_32_BIT_CONVERSION = YES;
				GCC_WARN_ABOUT_RETURN_TYPE = YES_ERROR;
				GCC_WARN_UNDECLARED_SELECTOR = YES;
				GCC_WARN_UNINITIALIZED_AUTOS = YES_AGGRESSIVE;
				GCC_WARN_UNUSED_FUNCTION = YES;
				GCC_WARN_UNUSED_VARIABLE = YES;
				IPHONEOS_DEPLOYMENT_TARGET = 16.0;
				MTL_ENABLE_DEBUG_INFO = INCLUDE_SOURCE;
				MTL_FAST_MATH = YES;
				ONLY_ACTIVE_ARCH = YES;
				SDKROOT = iphoneos;
				SWIFT_ACTIVE_COMPILATION_CONDITIONS = DEBUG;
				SWIFT_OPTIMIZATION_LEVEL = "-Onone";
			};
			name = Debug;
		};
		B9A3DE4128E92D1300A74EA2 /* Release */ = {
			isa = XCBuildConfiguration;
			buildSettings = {
				ALWAYS_SEARCH_USER_PATHS = NO;
				CLANG_ANALYZER_NONNULL = YES;
				CLANG_ANALYZER_NUMBER_OBJECT_CONVERSION = YES_AGGRESSIVE;
				CLANG_CXX_LANGUAGE_STANDARD = "gnu++20";
				CLANG_ENABLE_MODULES = YES;
				CLANG_ENABLE_OBJC_ARC = YES;
				CLANG_ENABLE_OBJC_WEAK = YES;
				CLANG_WARN_BLOCK_CAPTURE_AUTORELEASING = YES;
				CLANG_WARN_BOOL_CONVERSION = YES;
				CLANG_WARN_COMMA = YES;
				CLANG_WARN_CONSTANT_CONVERSION = YES;
				CLANG_WARN_DEPRECATED_OBJC_IMPLEMENTATIONS = YES;
				CLANG_WARN_DIRECT_OBJC_ISA_USAGE = YES_ERROR;
				CLANG_WARN_DOCUMENTATION_COMMENTS = YES;
				CLANG_WARN_EMPTY_BODY = YES;
				CLANG_WARN_ENUM_CONVERSION = YES;
				CLANG_WARN_INFINITE_RECURSION = YES;
				CLANG_WARN_INT_CONVERSION = YES;
				CLANG_WARN_NON_LITERAL_NULL_CONVERSION = YES;
				CLANG_WARN_OBJC_IMPLICIT_RETAIN_SELF = YES;
				CLANG_WARN_OBJC_LITERAL_CONVERSION = YES;
				CLANG_WARN_OBJC_ROOT_CLASS = YES_ERROR;
				CLANG_WARN_QUOTED_INCLUDE_IN_FRAMEWORK_HEADER = YES;
				CLANG_WARN_RANGE_LOOP_ANALYSIS = YES;
				CLANG_WARN_STRICT_PROTOTYPES = YES;
				CLANG_WARN_SUSPICIOUS_MOVE = YES;
				CLANG_WARN_UNGUARDED_AVAILABILITY = YES_AGGRESSIVE;
				CLANG_WARN_UNREACHABLE_CODE = YES;
				CLANG_WARN__DUPLICATE_METHOD_MATCH = YES;
				COPY_PHASE_STRIP = NO;
				DEBUG_INFORMATION_FORMAT = "dwarf-with-dsym";
				ENABLE_NS_ASSERTIONS = NO;
				ENABLE_STRICT_OBJC_MSGSEND = YES;
				GCC_C_LANGUAGE_STANDARD = gnu11;
				GCC_NO_COMMON_BLOCKS = YES;
				GCC_WARN_64_TO_32_BIT_CONVERSION = YES;
				GCC_WARN_ABOUT_RETURN_TYPE = YES_ERROR;
				GCC_WARN_UNDECLARED_SELECTOR = YES;
				GCC_WARN_UNINITIALIZED_AUTOS = YES_AGGRESSIVE;
				GCC_WARN_UNUSED_FUNCTION = YES;
				GCC_WARN_UNUSED_VARIABLE = YES;
				IPHONEOS_DEPLOYMENT_TARGET = 16.0;
				MTL_ENABLE_DEBUG_INFO = NO;
				MTL_FAST_MATH = YES;
				SDKROOT = iphoneos;
				SWIFT_COMPILATION_MODE = wholemodule;
				SWIFT_OPTIMIZATION_LEVEL = "-O";
				VALIDATE_PRODUCT = YES;
			};
			name = Release;
		};
		B9A3DE4328E92D1300A74EA2 /* Debug */ = {
			isa = XCBuildConfiguration;
			buildSettings = {
				ASSETCATALOG_COMPILER_APPICON_NAME = AppIcon;
				ASSETCATALOG_COMPILER_GLOBAL_ACCENT_COLOR_NAME = AccentColor;
				CODE_SIGN_STYLE = Automatic;
				CURRENT_PROJECT_VERSION = 1;
				GENERATE_INFOPLIST_FILE = YES;
				INFOPLIST_FILE = DBCRUD/Info.plist;
				INFOPLIST_KEY_UIApplicationSupportsIndirectInputEvents = YES;
				INFOPLIST_KEY_UILaunchStoryboardName = LaunchScreen;
				INFOPLIST_KEY_UIMainStoryboardFile = Main;
				INFOPLIST_KEY_UISupportedInterfaceOrientations_iPad = "UIInterfaceOrientationPortrait UIInterfaceOrientationPortraitUpsideDown UIInterfaceOrientationLandscapeLeft UIInterfaceOrientationLandscapeRight";
				INFOPLIST_KEY_UISupportedInterfaceOrientations_iPhone = "UIInterfaceOrientationPortrait UIInterfaceOrientationLandscapeLeft UIInterfaceOrientationLandscapeRight";
				LD_RUNPATH_SEARCH_PATHS = (
					"$(inherited)",
					"@executable_path/Frameworks",
				);
				MARKETING_VERSION = 1.0;
				PRODUCT_BUNDLE_IDENTIFIER = com.switlec.DBCRUD;
				PRODUCT_NAME = "$(TARGET_NAME)";
				SUPPORTED_PLATFORMS = "iphoneos iphonesimulator";
				SUPPORTS_MACCATALYST = NO;
				SUPPORTS_MAC_DESIGNED_FOR_IPHONE_IPAD = YES;
				SWIFT_EMIT_LOC_STRINGS = YES;
				SWIFT_VERSION = 5.0;
				TARGETED_DEVICE_FAMILY = 1;
			};
			name = Debug;
		};
		B9A3DE4428E92D1300A74EA2 /* Release */ = {
			isa = XCBuildConfiguration;
			buildSettings = {
				ASSETCATALOG_COMPILER_APPICON_NAME = AppIcon;
				ASSETCATALOG_COMPILER_GLOBAL_ACCENT_COLOR_NAME = AccentColor;
				CODE_SIGN_STYLE = Automatic;
				CURRENT_PROJECT_VERSION = 1;
				GENERATE_INFOPLIST_FILE = YES;
				INFOPLIST_FILE = DBCRUD/Info.plist;
				INFOPLIST_KEY_UIApplicationSupportsIndirectInputEvents = YES;
				INFOPLIST_KEY_UILaunchStoryboardName = LaunchScreen;
				INFOPLIST_KEY_UIMainStoryboardFile = Main;
				INFOPLIST_KEY_UISupportedInterfaceOrientations_iPad = "UIInterfaceOrientationPortrait UIInterfaceOrientationPortraitUpsideDown UIInterfaceOrientationLandscapeLeft UIInterfaceOrientationLandscapeRight";
				INFOPLIST_KEY_UISupportedInterfaceOrientations_iPhone = "UIInterfaceOrientationPortrait UIInterfaceOrientationLandscapeLeft UIInterfaceOrientationLandscapeRight";
				LD_RUNPATH_SEARCH_PATHS = (
					"$(inherited)",
					"@executable_path/Frameworks",
				);
				MARKETING_VERSION = 1.0;
				PRODUCT_BUNDLE_IDENTIFIER = com.switlec.DBCRUD;
				PRODUCT_NAME = "$(TARGET_NAME)";
				SUPPORTED_PLATFORMS = "iphoneos iphonesimulator";
				SUPPORTS_MACCATALYST = NO;
				SUPPORTS_MAC_DESIGNED_FOR_IPHONE_IPAD = YES;
				SWIFT_EMIT_LOC_STRINGS = YES;
				SWIFT_VERSION = 5.0;
				TARGETED_DEVICE_FAMILY = 1;
			};
			name = Release;
		};
/* End XCBuildConfiguration section */

/* Begin XCConfigurationList section */
		B9A3DE2928E92D1100A74EA2 /* Build configuration list for PBXProject "DBCRUD" */ = {
			isa = XCConfigurationList;
			buildConfigurations = (
				B9A3DE4028E92D1300A74EA2 /* Debug */,
				B9A3DE4128E92D1300A74EA2 /* Release */,
			);
			defaultConfigurationIsVisible = 0;
			defaultConfigurationName = Release;
		};
		B9A3DE4228E92D1300A74EA2 /* Build configuration list for PBXNativeTarget "DBCRUD" */ = {
			isa = XCConfigurationList;
			buildConfigurations = (
				B9A3DE4328E92D1300A74EA2 /* Debug */,
				B9A3DE4428E92D1300A74EA2 /* Release */,
			);
			defaultConfigurationIsVisible = 0;
			defaultConfigurationName = Release;
		};
/* End XCConfigurationList section */
	};
	rootObject = B9A3DE2628E92D1100A74EA2 /* Project object */;
}
